
Microsoft Visual Studio Solution File, Format Version 12.00
# Visual Studio 15
VisualStudioVersion = 15.0.27703.2026
MinimumVisualStudioVersion = 10.0.40219.1
Project("{FAE04EC0-301F-11D3-BF4B-00C04F79EFBC}") = "CoreBB.Web", "CoreBB.Web\CoreBB.Web.csproj", "{AB874F65-19AF-4294-97E1-44344404E677}"
EndProject
Global
	GlobalSection(SolutionConfigurationPlatforms) = preSolution
		Debug|Any CPU = Debug|Any CPU
		Release|Any CPU = Release|Any CPU
	EndGlobalSection
	GlobalSection(ProjectConfigurationPlatforms) = postSolution
		{AB874F65-19AF-4294-97E1-44344404E677}.Debug|Any CPU.ActiveCfg = Debug|Any CPU
		{AB874F65-19AF-4294-97E1-44344404E677}.Debug|Any CPU.Build.0 = Debug|Any CPU
		{AB874F65-19AF-4294-97E1-44344404E677}.Release|Any CPU.ActiveCfg = Release|Any CPU
		{AB874F65-19AF-4294-97E1-44344404E677}.Release|Any CPU.Build.0 = Release|Any CPU
	EndGlobalSection
	GlobalSection(SolutionProperties) = preSolution
		HideSolutionNode = FALSE
	EndGlobalSection
	GlobalSection(ExtensibilityGlobals) = postSolution
		SolutionGuid = {E8C62B16-4CD7-4C65-AE4A-37E3B2A3C66E}
	EndGlobalSection
EndGlobal
